
Microsoft Visual Studio Solution File, Format Version 12.00
Project("{2150E333-8FDC-42A3-9474-1A3956D46DE8}") = "ARTQ", "ARTQ", "{13F53795-866A-483B-85A4-1C20389A6C94}"
EndProject
Project("{FAE04EC0-301F-11D3-BF4B-00C04F79EFBC}") = "Translator", "ARTQ\Translator\Translator.csproj", "{583F17C4-C6E8-4FF8-82B7-00E630CA67F8}"
EndProject
Project("{FAE04EC0-301F-11D3-BF4B-00C04F79EFBC}") = "ARTQ Console", "ARTQ\ARTQ Console\ARTQ Console.csproj", "{7E0D6923-2D47-4D04-8DA0-398BDA7395CD}"
EndProject
Project("{FAE04EC0-301F-11D3-BF4B-00C04F79EFBC}") = "ARTQ UI", "ARTQ\ARTQ UI\ARTQ UI.csproj", "{EDDCB908-41CB-4324-A1E2-416F3649D5C1}"
EndProject
Global
	GlobalSection(SolutionConfigurationPlatforms) = preSolution
		Debug|Any CPU = Debug|Any CPU
		Release|Any CPU = Release|Any CPU
	EndGlobalSection
	GlobalSection(ProjectConfigurationPlatforms) = postSolution
		{583F17C4-C6E8-4FF8-82B7-00E630CA67F8}.Debug|Any CPU.ActiveCfg = Debug|Any CPU
		{583F17C4-C6E8-4FF8-82B7-00E630CA67F8}.Debug|Any CPU.Build.0 = Debug|Any CPU
		{583F17C4-C6E8-4FF8-82B7-00E630CA67F8}.Release|Any CPU.ActiveCfg = Release|Any CPU
		{583F17C4-C6E8-4FF8-82B7-00E630CA67F8}.Release|Any CPU.Build.0 = Release|Any CPU
		{7E0D6923-2D47-4D04-8DA0-398BDA7395CD}.Debug|Any CPU.ActiveCfg = Debug|Any CPU
		{7E0D6923-2D47-4D04-8DA0-398BDA7395CD}.Debug|Any CPU.Build.0 = Debug|Any CPU
		{7E0D6923-2D47-4D04-8DA0-398BDA7395CD}.Release|Any CPU.ActiveCfg = Release|Any CPU
		{7E0D6923-2D47-4D04-8DA0-398BDA7395CD}.Release|Any CPU.Build.0 = Release|Any CPU
		{EDDCB908-41CB-4324-A1E2-416F3649D5C1}.Debug|Any CPU.ActiveCfg = Debug|Any CPU
		{EDDCB908-41CB-4324-A1E2-416F3649D5C1}.Debug|Any CPU.Build.0 = Debug|Any CPU
		{EDDCB908-41CB-4324-A1E2-416F3649D5C1}.Release|Any CPU.ActiveCfg = Release|Any CPU
		{EDDCB908-41CB-4324-A1E2-416F3649D5C1}.Release|Any CPU.Build.0 = Release|Any CPU
	EndGlobalSection
	GlobalSection(NestedProjects) = preSolution
		{583F17C4-C6E8-4FF8-82B7-00E630CA67F8} = {13F53795-866A-483B-85A4-1C20389A6C94}
		{7E0D6923-2D47-4D04-8DA0-398BDA7395CD} = {13F53795-866A-483B-85A4-1C20389A6C94}
		{EDDCB908-41CB-4324-A1E2-416F3649D5C1} = {13F53795-866A-483B-85A4-1C20389A6C94}
	EndGlobalSection
EndGlobal
